{
  "pins" : [
    {
      "identity" : "activelabel.swift",
      "kind" : "remoteSourceControl",
      "location" : "https://github.com/imodeveloperlab/ActiveLabel.swift",
      "state" : {
        "revision" : "ad145ba677be2f8e342033a1cadd8fee4059e017",
        "version" : "1.1.7"
      }
    },
    {
      "identity" : "cartography",
      "kind" : "remoteSourceControl",
      "location" : "https://github.com/robb/Cartography",
      "state" : {
        "revision" : "b75197ea134f42b5feafb04b526b37eb1a41034b",
        "version" : "4.0.0"
      }
    },
    {
      "identity" : "dskit",
      "kind" : "remoteSourceControl",
      "location" : "https://github.com/imodeveloperlab/dskit",
      "state" : {
        "revision" : "0fbbeb14e159ad873f992afb151092a949435731",
        "version" : "1.0.4"
      }
    },
    {
      "identity" : "fakery",
      "kind" : "remoteSourceControl",
      "location" : "https://github.com/vadymmarkov/Fakery",
      "state" : {
        "revision" : "71cb3bf36a808534659d1248780c2bf3c4c4fc91",
        "version" : "5.1.0"
      }
    },
    {
      "identity" : "horizoncalendar",
      "kind" : "remoteSourceControl",
      "location" : "https://github.com/airbnb/HorizonCalendar.git",
      "state" : {
        "revision" : "1e98736e42fe4e5bea39ce8b89838641f2261c32",
        "version" : "1.13.3"
      }
    },
    {
      "identity" : "kingfisher",
      "kind" : "remoteSourceControl",
      "location" : "https://github.com/onevcat/Kingfisher",
      "state" : {
        "revision" : "add0a87ec4e31e2ca2a0b2085f0559201e4f5918",
        "version" : "7.10.1"
      }
    }
  ],
  "version" : 2
}
